
Microsoft Visual Studio Solution File, Format Version 12.00
# Visual Studio Version 17
VisualStudioVersion = 17.10.35122.118
MinimumVisualStudioVersion = 10.0.40219.1
Project("{9A19103F-16F7-4668-BE54-9A1E7A4F7556}") = "DAL", "DAL\DAL.csproj", "{5180104D-3172-4B81-A891-CFC46316EC7D}"
EndProject
Project("{9A19103F-16F7-4668-BE54-9A1E7A4F7556}") = "DAL.Tests", "DAL.Tests\DAL.Tests.csproj", "{3794A20A-B4AC-4399-95C5-463ACD1327EC}"
EndProject
Project("{9A19103F-16F7-4668-BE54-9A1E7A4F7556}") = "CCL", "CCL\CCL.csproj", "{A0549772-8BD3-4061-8457-6DEC1233224D}"
EndProject
Project("{FAE04EC0-301F-11D3-BF4B-00C04F79EFBC}") = "BLL", "BLL\BLL.csproj", "{CC79EA65-B843-429D-8D2D-3FF37207A71F}"
EndProject
Project("{FAE04EC0-301F-11D3-BF4B-00C04F79EFBC}") = "BLL.Tests", "BLL.Tests\BLL.Tests.csproj", "{B34012DE-4549-4E42-BC11-3BDD37289403}"
EndProject
Global
	GlobalSection(SolutionConfigurationPlatforms) = preSolution
		Debug|Any CPU = Debug|Any CPU
		Release|Any CPU = Release|Any CPU
	EndGlobalSection
	GlobalSection(ProjectConfigurationPlatforms) = postSolution
		{5180104D-3172-4B81-A891-CFC46316EC7D}.Debug|Any CPU.ActiveCfg = Debug|Any CPU
		{5180104D-3172-4B81-A891-CFC46316EC7D}.Debug|Any CPU.Build.0 = Debug|Any CPU
		{5180104D-3172-4B81-A891-CFC46316EC7D}.Release|Any CPU.ActiveCfg = Release|Any CPU
		{5180104D-3172-4B81-A891-CFC46316EC7D}.Release|Any CPU.Build.0 = Release|Any CPU
		{3794A20A-B4AC-4399-95C5-463ACD1327EC}.Debug|Any CPU.ActiveCfg = Debug|Any CPU
		{3794A20A-B4AC-4399-95C5-463ACD1327EC}.Debug|Any CPU.Build.0 = Debug|Any CPU
		{3794A20A-B4AC-4399-95C5-463ACD1327EC}.Release|Any CPU.ActiveCfg = Release|Any CPU
		{3794A20A-B4AC-4399-95C5-463ACD1327EC}.Release|Any CPU.Build.0 = Release|Any CPU
		{A0549772-8BD3-4061-8457-6DEC1233224D}.Debug|Any CPU.ActiveCfg = Debug|Any CPU
		{A0549772-8BD3-4061-8457-6DEC1233224D}.Debug|Any CPU.Build.0 = Debug|Any CPU
		{A0549772-8BD3-4061-8457-6DEC1233224D}.Release|Any CPU.ActiveCfg = Release|Any CPU
		{A0549772-8BD3-4061-8457-6DEC1233224D}.Release|Any CPU.Build.0 = Release|Any CPU
		{CC79EA65-B843-429D-8D2D-3FF37207A71F}.Debug|Any CPU.ActiveCfg = Debug|Any CPU
		{CC79EA65-B843-429D-8D2D-3FF37207A71F}.Debug|Any CPU.Build.0 = Debug|Any CPU
		{CC79EA65-B843-429D-8D2D-3FF37207A71F}.Release|Any CPU.ActiveCfg = Release|Any CPU
		{CC79EA65-B843-429D-8D2D-3FF37207A71F}.Release|Any CPU.Build.0 = Release|Any CPU
		{B34012DE-4549-4E42-BC11-3BDD37289403}.Debug|Any CPU.ActiveCfg = Debug|Any CPU
		{B34012DE-4549-4E42-BC11-3BDD37289403}.Debug|Any CPU.Build.0 = Debug|Any CPU
		{B34012DE-4549-4E42-BC11-3BDD37289403}.Release|Any CPU.ActiveCfg = Release|Any CPU
		{B34012DE-4549-4E42-BC11-3BDD37289403}.Release|Any CPU.Build.0 = Release|Any CPU
	EndGlobalSection
	GlobalSection(SolutionProperties) = preSolution
		HideSolutionNode = FALSE
	EndGlobalSection
	GlobalSection(ExtensibilityGlobals) = postSolution
		SolutionGuid = {E6358D11-B142-42CF-B538-A4CE5694E8CD}
	EndGlobalSection
EndGlobal
